
Microsoft Visual Studio Solution File, Format Version 12.00
# Visual Studio 2012
Project("{FAE04EC0-301F-11D3-BF4B-00C04F79EFBC}") = "BicycleShop", "BicycleShop\BicycleShop.csproj", "{1E3F6FEB-108D-4F45-BDD6-91D2D55F260D}"
EndProject
Global
	GlobalSection(SolutionConfigurationPlatforms) = preSolution
		Debug|Any CPU = Debug|Any CPU
		Release|Any CPU = Release|Any CPU
	EndGlobalSection
	GlobalSection(ProjectConfigurationPlatforms) = postSolution
		{1E3F6FEB-108D-4F45-BDD6-91D2D55F260D}.Debug|Any CPU.ActiveCfg = Debug|Any CPU
		{1E3F6FEB-108D-4F45-BDD6-91D2D55F260D}.Debug|Any CPU.Build.0 = Debug|Any CPU
		{1E3F6FEB-108D-4F45-BDD6-91D2D55F260D}.Release|Any CPU.ActiveCfg = Release|Any CPU
		{1E3F6FEB-108D-4F45-BDD6-91D2D55F260D}.Release|Any CPU.Build.0 = Release|Any CPU
	EndGlobalSection
EndGlobal
